
Microsoft Visual Studio Solution File, Format Version 12.00
# Visual Studio 14
VisualStudioVersion = 14.0.25420.1
MinimumVisualStudioVersion = 10.0.40219.1
Project("{FAE04EC0-301F-11D3-BF4B-00C04F79EFBC}") = "Day2Homework", "Day2Homework\Day2Homework.csproj", "{5C40631F-41B4-4B5E-B5D0-3D4032958A40}"
EndProject
Project("{FAE04EC0-301F-11D3-BF4B-00C04F79EFBC}") = "UnitTestDay2Homework", "UnitTestDay2Homework\UnitTestDay2Homework.csproj", "{B7750B72-FFDE-40F8-B7BA-8EED46A15CFB}"
EndProject
Global
	GlobalSection(SolutionConfigurationPlatforms) = preSolution
		Debug|Any CPU = Debug|Any CPU
		Release|Any CPU = Release|Any CPU
	EndGlobalSection
	GlobalSection(ProjectConfigurationPlatforms) = postSolution
		{5C40631F-41B4-4B5E-B5D0-3D4032958A40}.Debug|Any CPU.ActiveCfg = Debug|Any CPU
		{5C40631F-41B4-4B5E-B5D0-3D4032958A40}.Debug|Any CPU.Build.0 = Debug|Any CPU
		{5C40631F-41B4-4B5E-B5D0-3D4032958A40}.Release|Any CPU.ActiveCfg = Release|Any CPU
		{5C40631F-41B4-4B5E-B5D0-3D4032958A40}.Release|Any CPU.Build.0 = Release|Any CPU
		{B7750B72-FFDE-40F8-B7BA-8EED46A15CFB}.Debug|Any CPU.ActiveCfg = Debug|Any CPU
		{B7750B72-FFDE-40F8-B7BA-8EED46A15CFB}.Debug|Any CPU.Build.0 = Debug|Any CPU
		{B7750B72-FFDE-40F8-B7BA-8EED46A15CFB}.Release|Any CPU.ActiveCfg = Release|Any CPU
		{B7750B72-FFDE-40F8-B7BA-8EED46A15CFB}.Release|Any CPU.Build.0 = Release|Any CPU
	EndGlobalSection
	GlobalSection(SolutionProperties) = preSolution
		HideSolutionNode = FALSE
	EndGlobalSection
EndGlobal
