
Microsoft Visual Studio Solution File, Format Version 12.00
# Visual Studio 14
VisualStudioVersion = 14.0.25420.1
MinimumVisualStudioVersion = 10.0.40219.1
Project("{FAE04EC0-301F-11D3-BF4B-00C04F79EFBC}") = "Day1Homework", "Day1Homework\Day1Homework.csproj", "{B2E55C2E-9A31-4AD2-9D5E-6FEAA112D139}"
EndProject
Project("{FAE04EC0-301F-11D3-BF4B-00C04F79EFBC}") = "UnitTest_Day1-Homework", "UnitTest_Day1-Homework\UnitTest_Day1-Homework.csproj", "{DA0E237D-1E27-4871-BF14-8B646D0098FE}"
EndProject
Global
	GlobalSection(SolutionConfigurationPlatforms) = preSolution
		Debug|Any CPU = Debug|Any CPU
		Release|Any CPU = Release|Any CPU
	EndGlobalSection
	GlobalSection(ProjectConfigurationPlatforms) = postSolution
		{B2E55C2E-9A31-4AD2-9D5E-6FEAA112D139}.Debug|Any CPU.ActiveCfg = Debug|Any CPU
		{B2E55C2E-9A31-4AD2-9D5E-6FEAA112D139}.Debug|Any CPU.Build.0 = Debug|Any CPU
		{B2E55C2E-9A31-4AD2-9D5E-6FEAA112D139}.Release|Any CPU.ActiveCfg = Release|Any CPU
		{B2E55C2E-9A31-4AD2-9D5E-6FEAA112D139}.Release|Any CPU.Build.0 = Release|Any CPU
		{DA0E237D-1E27-4871-BF14-8B646D0098FE}.Debug|Any CPU.ActiveCfg = Debug|Any CPU
		{DA0E237D-1E27-4871-BF14-8B646D0098FE}.Debug|Any CPU.Build.0 = Debug|Any CPU
		{DA0E237D-1E27-4871-BF14-8B646D0098FE}.Release|Any CPU.ActiveCfg = Release|Any CPU
		{DA0E237D-1E27-4871-BF14-8B646D0098FE}.Release|Any CPU.Build.0 = Release|Any CPU
	EndGlobalSection
	GlobalSection(SolutionProperties) = preSolution
		HideSolutionNode = FALSE
	EndGlobalSection
EndGlobal
